{
    "name": "swdc-vscode",
    "version": "0.16.8",
    "lockfileVersion": 1,
    "requires": true,
    "dependencies": {
        "@types/mocha": {
            "version": "5.2.6",
            "resolved": "https://registry.npmjs.org/@types/mocha/-/mocha-5.2.6.tgz",
            "integrity": "sha512-1axi39YdtBI7z957vdqXI4Ac25e7YihYQtJa+Clnxg1zTJEaIRbndt71O3sP4GAMgiAm0pY26/b9BrY4MR/PMw==",
            "dev": true
        },
        "@types/node": {
            "version": "12.0.0",
            "resolved": "https://registry.npmjs.org/@types/node/-/node-12.0.0.tgz",
            "integrity": "sha512-Jrb/x3HT4PTJp6a4avhmJCDEVrPdqLfl3e8GGMbpkGGdwAV5UGlIs4vVEfsHHfylZVOKZWpOqmqFH8CbfOZ6kg==",
            "dev": true
        },
        "@types/vscode": {
            "version": "1.34.0",
            "resolved": "https://registry.npmjs.org/@types/vscode/-/vscode-1.34.0.tgz",
            "integrity": "sha512-t81rGr6aFw8TMap7UJdikC5ilOtL0yNr/pkovyyTy31fZ4XJehrxLMRh8nJuoOF3+g4rG9ljmtQo7tm6wyoaYA==",
            "dev": true
        },
        "axios": {
            "version": "0.19.0",
            "resolved": "https://registry.npmjs.org/axios/-/axios-0.19.0.tgz",
            "integrity": "sha512-1uvKqKQta3KBxIz14F2v06AEHZ/dIoeKfbTRkK1E5oqjDnuEerLmYTgJB5AiQZHJcljpg1TuRzdjDR06qNk0DQ==",
            "requires": {
                "follow-redirects": "1.5.10",
                "is-buffer": "^2.0.2"
            }
        },
        "cody-music": {
            "version": "2.3.8",
            "resolved": "https://registry.npmjs.org/cody-music/-/cody-music-2.3.8.tgz",
            "integrity": "sha512-pN+t0L72V+U9SvskYMzOpeE5KF8phplMUX8Psdrd5MpaQuJFQ3cqpacHyPxvrEF4Erj/UAQpBhpW//TQgA1p1Q==",
            "requires": {
                "axios": "^0.19.0"
            },
            "dependencies": {
                "axios": {
                    "version": "0.19.0",
                    "resolved": "https://registry.npmjs.org/axios/-/axios-0.19.0.tgz",
                    "integrity": "sha512-1uvKqKQta3KBxIz14F2v06AEHZ/dIoeKfbTRkK1E5oqjDnuEerLmYTgJB5AiQZHJcljpg1TuRzdjDR06qNk0DQ==",
                    "requires": {
                        "follow-redirects": "1.5.10",
                        "is-buffer": "^2.0.2"
                    }
                },
                "debug": {
                    "version": "3.1.0",
                    "resolved": "https://registry.npmjs.org/debug/-/debug-3.1.0.tgz",
                    "integrity": "sha512-OX8XqP7/1a9cqkxYw2yXss15f26NKWBpDXQd0/uK/KPqdQhxbPa994hnzjcE2VqQpDslf55723cKPUOGSmMY3g==",
                    "requires": {
                        "ms": "2.0.0"
                    }
                },
                "follow-redirects": {
                    "version": "1.5.10",
                    "resolved": "https://registry.npmjs.org/follow-redirects/-/follow-redirects-1.5.10.tgz",
                    "integrity": "sha512-0V5l4Cizzvqt5D44aTXbFZz+FtyXV1vrDN6qrelxtfYQKW0KO0W2T/hkE8xvGa/540LkZlkaUjO4ailYTFtHVQ==",
                    "requires": {
                        "debug": "=3.1.0"
                    }
                },
                "is-buffer": {
                    "version": "2.0.3",
                    "resolved": "https://registry.npmjs.org/is-buffer/-/is-buffer-2.0.3.tgz",
                    "integrity": "sha512-U15Q7MXTuZlrbymiz95PJpZxu8IlipAp4dtS3wOdgPXx3mqBnslrWU14kxfHB+Py/+2PVKSr37dMAgM2A4uArw=="
                },
                "ms": {
                    "version": "2.0.0",
                    "resolved": "https://registry.npmjs.org/ms/-/ms-2.0.0.tgz",
                    "integrity": "sha1-VgiurfwAvmwpAd9fmGF4jeDVl8g="
                }
            }
        },
        "debug": {
            "version": "3.1.0",
            "resolved": "https://registry.npmjs.org/debug/-/debug-3.1.0.tgz",
            "integrity": "sha512-OX8XqP7/1a9cqkxYw2yXss15f26NKWBpDXQd0/uK/KPqdQhxbPa994hnzjcE2VqQpDslf55723cKPUOGSmMY3g==",
            "requires": {
                "ms": "2.0.0"
            }
        },
        "follow-redirects": {
            "version": "1.5.10",
            "resolved": "https://registry.npmjs.org/follow-redirects/-/follow-redirects-1.5.10.tgz",
            "integrity": "sha512-0V5l4Cizzvqt5D44aTXbFZz+FtyXV1vrDN6qrelxtfYQKW0KO0W2T/hkE8xvGa/540LkZlkaUjO4ailYTFtHVQ==",
            "requires": {
                "debug": "=3.1.0"
            }
        },
        "is-buffer": {
            "version": "2.0.3",
            "resolved": "https://registry.npmjs.org/is-buffer/-/is-buffer-2.0.3.tgz",
            "integrity": "sha512-U15Q7MXTuZlrbymiz95PJpZxu8IlipAp4dtS3wOdgPXx3mqBnslrWU14kxfHB+Py/+2PVKSr37dMAgM2A4uArw=="
        },
        "ms": {
            "version": "2.0.0",
            "resolved": "https://registry.npmjs.org/ms/-/ms-2.0.0.tgz",
            "integrity": "sha1-VgiurfwAvmwpAd9fmGF4jeDVl8g="
        },
        "typescript": {
            "version": "3.4.5",
            "resolved": "https://registry.npmjs.org/typescript/-/typescript-3.4.5.tgz",
            "integrity": "sha512-YycBxUb49UUhdNMU5aJ7z5Ej2XGmaIBL0x34vZ82fn3hGvD+bgrMrVDpatgz2f7YxUMJxMkbWxJZeAvDxVe7Vw==",
            "dev": true
        },
        "vsls": {
            "version": "0.3.1291",
            "resolved": "https://registry.npmjs.org/vsls/-/vsls-0.3.1291.tgz",
            "integrity": "sha512-8yJPN9p7k+XYyczOVtQmpun4K1CRDsw/hdnIzT/c40r5bIkpptfsBlHmmLemoIV+CAHvrTLdWKEf5OtRvdcn9A=="
        }
    }
}
