{
    "name": "swdc-vscode",
    "version": "0.1.7",
    "lockfileVersion": 1,
    "requires": true,
    "dependencies": {
        "biskviit": {
            "version": "1.0.1",
            "resolved": "https://registry.npmjs.org/biskviit/-/biskviit-1.0.1.tgz",
            "integrity": "sha1-A3oM1LcbnjMf2QoRIt4X3EnkIKc=",
            "requires": {
                "psl": "1.1.26"
            }
        },
        "encoding": {
            "version": "0.1.12",
            "resolved": "https://registry.npmjs.org/encoding/-/encoding-0.1.12.tgz",
            "integrity": "sha1-U4tm8+5izRq1HsMjgp0flIDHS+s=",
            "requires": {
                "iconv-lite": "0.4.23"
            }
        },
        "fetch": {
            "version": "1.1.0",
            "resolved": "https://registry.npmjs.org/fetch/-/fetch-1.1.0.tgz",
            "integrity": "sha1-CoJ58Gvjf58Ou1Z1YKMKSA2lmi4=",
            "requires": {
                "biskviit": "1.0.1",
                "encoding": "0.1.12"
            }
        },
        "iconv-lite": {
            "version": "0.4.23",
            "resolved": "https://registry.npmjs.org/iconv-lite/-/iconv-lite-0.4.23.tgz",
            "integrity": "sha512-neyTUVFtahjf0mB3dZT77u+8O0QB89jFdnBkd5P1JgYPbPaia3gXXOVL2fq8VyU2gMMD7SaN7QukTB/pmXYvDA==",
            "requires": {
                "safer-buffer": "2.1.2"
            }
        },
        "psl": {
            "version": "1.1.26",
            "resolved": "https://registry.npmjs.org/psl/-/psl-1.1.26.tgz",
            "integrity": "sha512-nEpCZWXUloiAVG7Prmi+3E4xwpQ948TkT/gXYqaahGIRXyawSem+oOuNeqcWczO3Fz2SvEKM1FDWKl1RrGXeBw=="
        },
        "safer-buffer": {
            "version": "2.1.2",
            "resolved": "https://registry.npmjs.org/safer-buffer/-/safer-buffer-2.1.2.tgz",
            "integrity": "sha512-YZo3K82SD7Riyi0E1EQPojLz7kpepnSQI9IyPbHHg1XXXevb5dJI7tpyN2ADxGcQbHG7vcyRHk0cbwqcQriUtg=="
        }
    }
}
